
Microsoft Visual Studio Solution File, Format Version 12.00
# Visual Studio Version 17
VisualStudioVersion = 17.14.36414.22 d17.14
MinimumVisualStudioVersion = 10.0.40219.1
Project("{2150E333-8FDC-42A3-9474-1A3956D46DE8}") = "controllers", "controllers", "{02EA681E-C7D8-13C7-8484-4AC65E1B71E8}"
	ProjectSection(SolutionItems) = preProject
		HomeController.cs = HomeController.cs
	EndProjectSection
EndProject
Project("{2150E333-8FDC-42A3-9474-1A3956D46DE8}") = "Models", "Models", "{09F59388-98F6-4E1D-8A17-58951F6677BC}"
	ProjectSection(SolutionItems) = preProject
		BinaryInputModel.cs = BinaryInputModel.cs
		BinaryResults.cs = BinaryResults.cs
	EndProjectSection
EndProject
Project("{2150E333-8FDC-42A3-9474-1A3956D46DE8}") = "Views", "Views", "{A2CE82A0-C438-4750-8773-07495CBD1636}"
	ProjectSection(SolutionItems) = preProject
		PP2Web.csproj = PP2Web.csproj
		Program.cs = Program.cs
	EndProjectSection
EndProject
Project("{2150E333-8FDC-42A3-9474-1A3956D46DE8}") = "Home", "Home", "{8217F485-1504-4E47-AD50-FEE7AB780000}"
	ProjectSection(SolutionItems) = preProject
		Index.cshtml = Index.cshtml
	EndProjectSection
EndProject
Project("{2150E333-8FDC-42A3-9474-1A3956D46DE8}") = "Elementos de la solución", "Elementos de la solución", "{D107F4C8-89CC-BEA8-D3D7-CA6B7733353D}"
	ProjectSection(SolutionItems) = preProject
		README.md = README.md
	EndProjectSection
EndProject
Global
	GlobalSection(SolutionProperties) = preSolution
		HideSolutionNode = FALSE
	EndGlobalSection
	GlobalSection(NestedProjects) = preSolution
		{8217F485-1504-4E47-AD50-FEE7AB780000} = {A2CE82A0-C438-4750-8773-07495CBD1636}
	EndGlobalSection
	GlobalSection(ExtensibilityGlobals) = postSolution
		SolutionGuid = {4D323744-A48B-4907-B27D-5B513E4365EC}
	EndGlobalSection
EndGlobal
